
Microsoft Visual Studio Solution File, Format Version 12.00
# Visual Studio Version 17
VisualStudioVersion = 17.0.31912.275
MinimumVisualStudioVersion = 10.0.40219.1
Project("{FAE04EC0-301F-11D3-BF4B-00C04F79EFBC}") = "ToDoList.UWP", "ToDoList.UWP\ToDoList.UWP.csproj", "{4AB17F27-9A9F-43E8-9307-9FA62AA2230D}"
EndProject
Project("{FAE04EC0-301F-11D3-BF4B-00C04F79EFBC}") = "ToDoList.Android", "ToDoList.Android\ToDoList.Android.csproj", "{7E702CD7-EE9B-4392-90F1-3BCC4B4CD21B}"
EndProject
Project("{FAE04EC0-301F-11D3-BF4B-00C04F79EFBC}") = "ToDoList.iOS", "ToDoList.iOS\ToDoList.iOS.csproj", "{62A93A39-7102-4BD5-9D4C-2CFA9B0B53E4}"
EndProject
Project("{FAE04EC0-301F-11D3-BF4B-00C04F79EFBC}") = "ToDoList", "ToDoList\ToDoList.csproj", "{F296BB52-0631-440A-AE0B-165D7A7E0E5E}"
EndProject
Global
	GlobalSection(SolutionConfigurationPlatforms) = preSolution
		Debug|Any CPU = Debug|Any CPU
		Debug|ARM = Debug|ARM
		Debug|iPhone = Debug|iPhone
		Debug|iPhoneSimulator = Debug|iPhoneSimulator
		Debug|x64 = Debug|x64
		Debug|x86 = Debug|x86
		Release|Any CPU = Release|Any CPU
		Release|ARM = Release|ARM
		Release|iPhone = Release|iPhone
		Release|iPhoneSimulator = Release|iPhoneSimulator
		Release|x64 = Release|x64
		Release|x86 = Release|x86
	EndGlobalSection
	GlobalSection(ProjectConfigurationPlatforms) = postSolution
		{4AB17F27-9A9F-43E8-9307-9FA62AA2230D}.Debug|Any CPU.ActiveCfg = Debug|x64
		{4AB17F27-9A9F-43E8-9307-9FA62AA2230D}.Debug|Any CPU.Build.0 = Debug|x64
		{4AB17F27-9A9F-43E8-9307-9FA62AA2230D}.Debug|Any CPU.Deploy.0 = Debug|x64
		{4AB17F27-9A9F-43E8-9307-9FA62AA2230D}.Debug|ARM.ActiveCfg = Debug|ARM
		{4AB17F27-9A9F-43E8-9307-9FA62AA2230D}.Debug|ARM.Build.0 = Debug|ARM
		{4AB17F27-9A9F-43E8-9307-9FA62AA2230D}.Debug|ARM.Deploy.0 = Debug|ARM
		{4AB17F27-9A9F-43E8-9307-9FA62AA2230D}.Debug|iPhone.ActiveCfg = Debug|x64
		{4AB17F27-9A9F-43E8-9307-9FA62AA2230D}.Debug|iPhone.Build.0 = Debug|x64
		{4AB17F27-9A9F-43E8-9307-9FA62AA2230D}.Debug|iPhone.Deploy.0 = Debug|x64
		{4AB17F27-9A9F-43E8-9307-9FA62AA2230D}.Debug|iPhoneSimulator.ActiveCfg = Debug|x64
		{4AB17F27-9A9F-43E8-9307-9FA62AA2230D}.Debug|iPhoneSimulator.Build.0 = Debug|x64
		{4AB17F27-9A9F-43E8-9307-9FA62AA2230D}.Debug|iPhoneSimulator.Deploy.0 = Debug|x64
		{4AB17F27-9A9F-43E8-9307-9FA62AA2230D}.Debug|x64.ActiveCfg = Debug|x64
		{4AB17F27-9A9F-43E8-9307-9FA62AA2230D}.Debug|x64.Build.0 = Debug|x64
		{4AB17F27-9A9F-43E8-9307-9FA62AA2230D}.Debug|x64.Deploy.0 = Debug|x64
		{4AB17F27-9A9F-43E8-9307-9FA62AA2230D}.Debug|x86.ActiveCfg = Debug|x86
		{4AB17F27-9A9F-43E8-9307-9FA62AA2230D}.Debug|x86.Build.0 = Debug|x86
		{4AB17F27-9A9F-43E8-9307-9FA62AA2230D}.Debug|x86.Deploy.0 = Debug|x86
		{4AB17F27-9A9F-43E8-9307-9FA62AA2230D}.Release|Any CPU.ActiveCfg = Release|x64
		{4AB17F27-9A9F-43E8-9307-9FA62AA2230D}.Release|Any CPU.Build.0 = Release|x64
		{4AB17F27-9A9F-43E8-9307-9FA62AA2230D}.Release|Any CPU.Deploy.0 = Release|x64
		{4AB17F27-9A9F-43E8-9307-9FA62AA2230D}.Release|ARM.ActiveCfg = Release|ARM
		{4AB17F27-9A9F-43E8-9307-9FA62AA2230D}.Release|ARM.Build.0 = Release|ARM
		{4AB17F27-9A9F-43E8-9307-9FA62AA2230D}.Release|ARM.Deploy.0 = Release|ARM
		{4AB17F27-9A9F-43E8-9307-9FA62AA2230D}.Release|iPhone.ActiveCfg = Release|x64
		{4AB17F27-9A9F-43E8-9307-9FA62AA2230D}.Release|iPhone.Build.0 = Release|x64
		{4AB17F27-9A9F-43E8-9307-9FA62AA2230D}.Release|iPhone.Deploy.0 = Release|x64
		{4AB17F27-9A9F-43E8-9307-9FA62AA2230D}.Release|iPhoneSimulator.ActiveCfg = Release|x64
		{4AB17F27-9A9F-43E8-9307-9FA62AA2230D}.Release|iPhoneSimulator.Build.0 = Release|x64
		{4AB17F27-9A9F-43E8-9307-9FA62AA2230D}.Release|iPhoneSimulator.Deploy.0 = Release|x64
		{4AB17F27-9A9F-43E8-9307-9FA62AA2230D}.Release|x64.ActiveCfg = Release|x64
		{4AB17F27-9A9F-43E8-9307-9FA62AA2230D}.Release|x64.Build.0 = Release|x64
		{4AB17F27-9A9F-43E8-9307-9FA62AA2230D}.Release|x64.Deploy.0 = Release|x64
		{4AB17F27-9A9F-43E8-9307-9FA62AA2230D}.Release|x86.ActiveCfg = Release|x86
		{4AB17F27-9A9F-43E8-9307-9FA62AA2230D}.Release|x86.Build.0 = Release|x86
		{4AB17F27-9A9F-43E8-9307-9FA62AA2230D}.Release|x86.Deploy.0 = Release|x86
		{7E702CD7-EE9B-4392-90F1-3BCC4B4CD21B}.Debug|Any CPU.ActiveCfg = Debug|Any CPU
		{7E702CD7-EE9B-4392-90F1-3BCC4B4CD21B}.Debug|Any CPU.Build.0 = Debug|Any CPU
		{7E702CD7-EE9B-4392-90F1-3BCC4B4CD21B}.Debug|Any CPU.Deploy.0 = Debug|Any CPU
		{7E702CD7-EE9B-4392-90F1-3BCC4B4CD21B}.Debug|ARM.ActiveCfg = Debug|Any CPU
		{7E702CD7-EE9B-4392-90F1-3BCC4B4CD21B}.Debug|ARM.Build.0 = Debug|Any CPU
		{7E702CD7-EE9B-4392-90F1-3BCC4B4CD21B}.Debug|ARM.Deploy.0 = Debug|Any CPU
		{7E702CD7-EE9B-4392-90F1-3BCC4B4CD21B}.Debug|iPhone.ActiveCfg = Debug|Any CPU
		{7E702CD7-EE9B-4392-90F1-3BCC4B4CD21B}.Debug|iPhone.Build.0 = Debug|Any CPU
		{7E702CD7-EE9B-4392-90F1-3BCC4B4CD21B}.Debug|iPhone.Deploy.0 = Debug|Any CPU
		{7E702CD7-EE9B-4392-90F1-3BCC4B4CD21B}.Debug|iPhoneSimulator.ActiveCfg = Debug|Any CPU
		{7E702CD7-EE9B-4392-90F1-3BCC4B4CD21B}.Debug|iPhoneSimulator.Build.0 = Debug|Any CPU
		{7E702CD7-EE9B-4392-90F1-3BCC4B4CD21B}.Debug|iPhoneSimulator.Deploy.0 = Debug|Any CPU
		{7E702CD7-EE9B-4392-90F1-3BCC4B4CD21B}.Debug|x64.ActiveCfg = Debug|Any CPU
		{7E702CD7-EE9B-4392-90F1-3BCC4B4CD21B}.Debug|x64.Build.0 = Debug|Any CPU
		{7E702CD7-EE9B-4392-90F1-3BCC4B4CD21B}.Debug|x64.Deploy.0 = Debug|Any CPU
		{7E702CD7-EE9B-4392-90F1-3BCC4B4CD21B}.Debug|x86.ActiveCfg = Debug|Any CPU
		{7E702CD7-EE9B-4392-90F1-3BCC4B4CD21B}.Debug|x86.Build.0 = Debug|Any CPU
		{7E702CD7-EE9B-4392-90F1-3BCC4B4CD21B}.Debug|x86.Deploy.0 = Debug|Any CPU
		{7E702CD7-EE9B-4392-90F1-3BCC4B4CD21B}.Release|Any CPU.ActiveCfg = Release|Any CPU
		{7E702CD7-EE9B-4392-90F1-3BCC4B4CD21B}.Release|Any CPU.Build.0 = Release|Any CPU
		{7E702CD7-EE9B-4392-90F1-3BCC4B4CD21B}.Release|Any CPU.Deploy.0 = Release|Any CPU
		{7E702CD7-EE9B-4392-90F1-3BCC4B4CD21B}.Release|ARM.ActiveCfg = Release|Any CPU
		{7E702CD7-EE9B-4392-90F1-3BCC4B4CD21B}.Release|ARM.Build.0 = Release|Any CPU
		{7E702CD7-EE9B-4392-90F1-3BCC4B4CD21B}.Release|ARM.Deploy.0 = Release|Any CPU
		{7E702CD7-EE9B-4392-90F1-3BCC4B4CD21B}.Release|iPhone.ActiveCfg = Release|Any CPU
		{7E702CD7-EE9B-4392-90F1-3BCC4B4CD21B}.Release|iPhone.Build.0 = Release|Any CPU
		{7E702CD7-EE9B-4392-90F1-3BCC4B4CD21B}.Release|iPhone.Deploy.0 = Release|Any CPU
		{7E702CD7-EE9B-4392-90F1-3BCC4B4CD21B}.Release|iPhoneSimulator.ActiveCfg = Release|Any CPU
		{7E702CD7-EE9B-4392-90F1-3BCC4B4CD21B}.Release|iPhoneSimulator.Build.0 = Release|Any CPU
		{7E702CD7-EE9B-4392-90F1-3BCC4B4CD21B}.Release|iPhoneSimulator.Deploy.0 = Release|Any CPU
		{7E702CD7-EE9B-4392-90F1-3BCC4B4CD21B}.Release|x64.ActiveCfg = Release|Any CPU
		{7E702CD7-EE9B-4392-90F1-3BCC4B4CD21B}.Release|x64.Build.0 = Release|Any CPU
		{7E702CD7-EE9B-4392-90F1-3BCC4B4CD21B}.Release|x64.Deploy.0 = Release|Any CPU
		{7E702CD7-EE9B-4392-90F1-3BCC4B4CD21B}.Release|x86.ActiveCfg = Release|Any CPU
		{7E702CD7-EE9B-4392-90F1-3BCC4B4CD21B}.Release|x86.Build.0 = Release|Any CPU
		{7E702CD7-EE9B-4392-90F1-3BCC4B4CD21B}.Release|x86.Deploy.0 = Release|Any CPU
		{62A93A39-7102-4BD5-9D4C-2CFA9B0B53E4}.Debug|Any CPU.ActiveCfg = Debug|iPhoneSimulator
		{62A93A39-7102-4BD5-9D4C-2CFA9B0B53E4}.Debug|Any CPU.Build.0 = Debug|iPhoneSimulator
		{62A93A39-7102-4BD5-9D4C-2CFA9B0B53E4}.Debug|Any CPU.Deploy.0 = Debug|iPhoneSimulator
		{62A93A39-7102-4BD5-9D4C-2CFA9B0B53E4}.Debug|ARM.ActiveCfg = Debug|iPhoneSimulator
		{62A93A39-7102-4BD5-9D4C-2CFA9B0B53E4}.Debug|ARM.Build.0 = Debug|iPhoneSimulator
		{62A93A39-7102-4BD5-9D4C-2CFA9B0B53E4}.Debug|ARM.Deploy.0 = Debug|iPhoneSimulator
		{62A93A39-7102-4BD5-9D4C-2CFA9B0B53E4}.Debug|iPhone.ActiveCfg = Debug|iPhone
		{62A93A39-7102-4BD5-9D4C-2CFA9B0B53E4}.Debug|iPhone.Build.0 = Debug|iPhone
		{62A93A39-7102-4BD5-9D4C-2CFA9B0B53E4}.Debug|iPhone.Deploy.0 = Debug|iPhone
		{62A93A39-7102-4BD5-9D4C-2CFA9B0B53E4}.Debug|iPhoneSimulator.ActiveCfg = Debug|iPhoneSimulator
		{62A93A39-7102-4BD5-9D4C-2CFA9B0B53E4}.Debug|iPhoneSimulator.Build.0 = Debug|iPhoneSimulator
		{62A93A39-7102-4BD5-9D4C-2CFA9B0B53E4}.Debug|iPhoneSimulator.Deploy.0 = Debug|iPhoneSimulator
		{62A93A39-7102-4BD5-9D4C-2CFA9B0B53E4}.Debug|x64.ActiveCfg = Debug|iPhone
		{62A93A39-7102-4BD5-9D4C-2CFA9B0B53E4}.Debug|x64.Build.0 = Debug|iPhone
		{62A93A39-7102-4BD5-9D4C-2CFA9B0B53E4}.Debug|x64.Deploy.0 = Debug|iPhone
		{62A93A39-7102-4BD5-9D4C-2CFA9B0B53E4}.Debug|x86.ActiveCfg = Debug|iPhoneSimulator
		{62A93A39-7102-4BD5-9D4C-2CFA9B0B53E4}.Debug|x86.Build.0 = Debug|iPhoneSimulator
		{62A93A39-7102-4BD5-9D4C-2CFA9B0B53E4}.Debug|x86.Deploy.0 = Debug|iPhoneSimulator
		{62A93A39-7102-4BD5-9D4C-2CFA9B0B53E4}.Release|Any CPU.ActiveCfg = Release|iPhoneSimulator
		{62A93A39-7102-4BD5-9D4C-2CFA9B0B53E4}.Release|Any CPU.Build.0 = Release|iPhoneSimulator
		{62A93A39-7102-4BD5-9D4C-2CFA9B0B53E4}.Release|Any CPU.Deploy.0 = Release|iPhoneSimulator
		{62A93A39-7102-4BD5-9D4C-2CFA9B0B53E4}.Release|ARM.ActiveCfg = Release|iPhoneSimulator
		{62A93A39-7102-4BD5-9D4C-2CFA9B0B53E4}.Release|ARM.Build.0 = Release|iPhoneSimulator
		{62A93A39-7102-4BD5-9D4C-2CFA9B0B53E4}.Release|ARM.Deploy.0 = Release|iPhoneSimulator
		{62A93A39-7102-4BD5-9D4C-2CFA9B0B53E4}.Release|iPhone.ActiveCfg = Release|iPhone
		{62A93A39-7102-4BD5-9D4C-2CFA9B0B53E4}.Release|iPhone.Build.0 = Release|iPhone
		{62A93A39-7102-4BD5-9D4C-2CFA9B0B53E4}.Release|iPhone.Deploy.0 = Release|iPhone
		{62A93A39-7102-4BD5-9D4C-2CFA9B0B53E4}.Release|iPhoneSimulator.ActiveCfg = Release|iPhoneSimulator
		{62A93A39-7102-4BD5-9D4C-2CFA9B0B53E4}.Release|iPhoneSimulator.Build.0 = Release|iPhoneSimulator
		{62A93A39-7102-4BD5-9D4C-2CFA9B0B53E4}.Release|iPhoneSimulator.Deploy.0 = Release|iPhoneSimulator
		{62A93A39-7102-4BD5-9D4C-2CFA9B0B53E4}.Release|x64.ActiveCfg = Release|iPhoneSimulator
		{62A93A39-7102-4BD5-9D4C-2CFA9B0B53E4}.Release|x64.Build.0 = Release|iPhoneSimulator
		{62A93A39-7102-4BD5-9D4C-2CFA9B0B53E4}.Release|x64.Deploy.0 = Release|iPhoneSimulator
		{62A93A39-7102-4BD5-9D4C-2CFA9B0B53E4}.Release|x86.ActiveCfg = Release|iPhoneSimulator
		{62A93A39-7102-4BD5-9D4C-2CFA9B0B53E4}.Release|x86.Build.0 = Release|iPhoneSimulator
		{62A93A39-7102-4BD5-9D4C-2CFA9B0B53E4}.Release|x86.Deploy.0 = Release|iPhoneSimulator
		{F296BB52-0631-440A-AE0B-165D7A7E0E5E}.Debug|Any CPU.ActiveCfg = Debug|Any CPU
		{F296BB52-0631-440A-AE0B-165D7A7E0E5E}.Debug|Any CPU.Build.0 = Debug|Any CPU
		{F296BB52-0631-440A-AE0B-165D7A7E0E5E}.Debug|Any CPU.Deploy.0 = Debug|Any CPU
		{F296BB52-0631-440A-AE0B-165D7A7E0E5E}.Debug|ARM.ActiveCfg = Debug|Any CPU
		{F296BB52-0631-440A-AE0B-165D7A7E0E5E}.Debug|ARM.Build.0 = Debug|Any CPU
		{F296BB52-0631-440A-AE0B-165D7A7E0E5E}.Debug|ARM.Deploy.0 = Debug|Any CPU
		{F296BB52-0631-440A-AE0B-165D7A7E0E5E}.Debug|iPhone.ActiveCfg = Debug|Any CPU
		{F296BB52-0631-440A-AE0B-165D7A7E0E5E}.Debug|iPhone.Build.0 = Debug|Any CPU
		{F296BB52-0631-440A-AE0B-165D7A7E0E5E}.Debug|iPhone.Deploy.0 = Debug|Any CPU
		{F296BB52-0631-440A-AE0B-165D7A7E0E5E}.Debug|iPhoneSimulator.ActiveCfg = Debug|Any CPU
		{F296BB52-0631-440A-AE0B-165D7A7E0E5E}.Debug|iPhoneSimulator.Build.0 = Debug|Any CPU
		{F296BB52-0631-440A-AE0B-165D7A7E0E5E}.Debug|iPhoneSimulator.Deploy.0 = Debug|Any CPU
		{F296BB52-0631-440A-AE0B-165D7A7E0E5E}.Debug|x64.ActiveCfg = Debug|Any CPU
		{F296BB52-0631-440A-AE0B-165D7A7E0E5E}.Debug|x64.Build.0 = Debug|Any CPU
		{F296BB52-0631-440A-AE0B-165D7A7E0E5E}.Debug|x64.Deploy.0 = Debug|Any CPU
		{F296BB52-0631-440A-AE0B-165D7A7E0E5E}.Debug|x86.ActiveCfg = Debug|Any CPU
		{F296BB52-0631-440A-AE0B-165D7A7E0E5E}.Debug|x86.Build.0 = Debug|Any CPU
		{F296BB52-0631-440A-AE0B-165D7A7E0E5E}.Debug|x86.Deploy.0 = Debug|Any CPU
		{F296BB52-0631-440A-AE0B-165D7A7E0E5E}.Release|Any CPU.ActiveCfg = Release|Any CPU
		{F296BB52-0631-440A-AE0B-165D7A7E0E5E}.Release|Any CPU.Build.0 = Release|Any CPU
		{F296BB52-0631-440A-AE0B-165D7A7E0E5E}.Release|Any CPU.Deploy.0 = Release|Any CPU
		{F296BB52-0631-440A-AE0B-165D7A7E0E5E}.Release|ARM.ActiveCfg = Release|Any CPU
		{F296BB52-0631-440A-AE0B-165D7A7E0E5E}.Release|ARM.Build.0 = Release|Any CPU
		{F296BB52-0631-440A-AE0B-165D7A7E0E5E}.Release|ARM.Deploy.0 = Release|Any CPU
		{F296BB52-0631-440A-AE0B-165D7A7E0E5E}.Release|iPhone.ActiveCfg = Release|Any CPU
		{F296BB52-0631-440A-AE0B-165D7A7E0E5E}.Release|iPhone.Build.0 = Release|Any CPU
		{F296BB52-0631-440A-AE0B-165D7A7E0E5E}.Release|iPhone.Deploy.0 = Release|Any CPU
		{F296BB52-0631-440A-AE0B-165D7A7E0E5E}.Release|iPhoneSimulator.ActiveCfg = Release|Any CPU
		{F296BB52-0631-440A-AE0B-165D7A7E0E5E}.Release|iPhoneSimulator.Build.0 = Release|Any CPU
		{F296BB52-0631-440A-AE0B-165D7A7E0E5E}.Release|iPhoneSimulator.Deploy.0 = Release|Any CPU
		{F296BB52-0631-440A-AE0B-165D7A7E0E5E}.Release|x64.ActiveCfg = Release|Any CPU
		{F296BB52-0631-440A-AE0B-165D7A7E0E5E}.Release|x64.Build.0 = Release|Any CPU
		{F296BB52-0631-440A-AE0B-165D7A7E0E5E}.Release|x64.Deploy.0 = Release|Any CPU
		{F296BB52-0631-440A-AE0B-165D7A7E0E5E}.Release|x86.ActiveCfg = Release|Any CPU
		{F296BB52-0631-440A-AE0B-165D7A7E0E5E}.Release|x86.Build.0 = Release|Any CPU
		{F296BB52-0631-440A-AE0B-165D7A7E0E5E}.Release|x86.Deploy.0 = Release|Any CPU
	EndGlobalSection
	GlobalSection(SolutionProperties) = preSolution
		HideSolutionNode = FALSE
	EndGlobalSection
	GlobalSection(ExtensibilityGlobals) = postSolution
		SolutionGuid = {82242FBE-6F75-4525-9445-4F2E3E3839EF}
	EndGlobalSection
EndGlobal
